
Microsoft Visual Studio Solution File, Format Version 12.00
# Visual Studio Version 17
VisualStudioVersion = 17.7.34024.191
MinimumVisualStudioVersion = 10.0.40219.1
Project("{FAE04EC0-301F-11D3-BF4B-00C04F79EFBC}") = "ai-ui", "ai-ui.csproj", "{DD9CAB2B-2609-453F-9A36-20113949BC90}"
EndProject
Global
	GlobalSection(SolutionConfigurationPlatforms) = preSolution
		Debug|Any CPU = Debug|Any CPU
		Release|Any CPU = Release|Any CPU
	EndGlobalSection
	GlobalSection(ProjectConfigurationPlatforms) = postSolution
		{DD9CAB2B-2609-453F-9A36-20113949BC90}.Debug|Any CPU.ActiveCfg = Debug|Any CPU
		{DD9CAB2B-2609-453F-9A36-20113949BC90}.Debug|Any CPU.Build.0 = Debug|Any CPU
		{DD9CAB2B-2609-453F-9A36-20113949BC90}.Release|Any CPU.ActiveCfg = Release|Any CPU
		{DD9CAB2B-2609-453F-9A36-20113949BC90}.Release|Any CPU.Build.0 = Release|Any CPU
	EndGlobalSection
	GlobalSection(SolutionProperties) = preSolution
		HideSolutionNode = FALSE
	EndGlobalSection
	GlobalSection(ExtensibilityGlobals) = postSolution
		SolutionGuid = {97D52903-D0EE-4D5E-B595-F9ADA61D6B7B}
	EndGlobalSection
EndGlobal
